// !$*UTF8*$!
{
	archiveVersion = 1;
	classes = {
	};
	objectVersion = 50;
	objects = {

/* Begin PBXBuildFile section */
		4F4308DB79CA908A99E66E04 /* Pods_ProMed.framework in Frameworks */ = {isa = PBXBuildFile; fileRef = F542996138600E6CD9174983 /* Pods_ProMed.framework */; };
		7B540955222248EC00FA1B74 /* ProNewAppointmentViewController.swift in Sources */ = {isa = PBXBuildFile; fileRef = 7B540954222248EC00FA1B74 /* ProNewAppointmentViewController.swift */; };
		7B54095722224B1E00FA1B74 /* Patient.swift in Sources */ = {isa = PBXBuildFile; fileRef = 7B54095622224B1E00FA1B74 /* Patient.swift */; };
		7B6A7687224EFF6600F4E5BC /* dataBase.xcdatamodeld in Sources */ = {isa = PBXBuildFile; fileRef = 7B6A7685224EFF6600F4E5BC /* dataBase.xcdatamodeld */; };
		7B6B63DB2221B75A0062BB75 /* Patients.storyboard in Resources */ = {isa = PBXBuildFile; fileRef = 7B6B63DA2221B75A0062BB75 /* Patients.storyboard */; };
		7B6B63DD2221B7660062BB75 /* Professionals.storyboard in Resources */ = {isa = PBXBuildFile; fileRef = 7B6B63DC2221B7660062BB75 /* Professionals.storyboard */; };
		7B6B63E22221F8940062BB75 /* ProAgendaViewController.swift in Sources */ = {isa = PBXBuildFile; fileRef = 7B6B63E12221F8940062BB75 /* ProAgendaViewController.swift */; };
		7B9308D4224B36A3005B495A /* Appointment.swift in Sources */ = {isa = PBXBuildFile; fileRef = 7B9308D3224B36A3005B495A /* Appointment.swift */; };
		7B9308D6224B36CE005B495A /* PatientRecord.swift in Sources */ = {isa = PBXBuildFile; fileRef = 7B9308D5224B36CE005B495A /* PatientRecord.swift */; };
		7B9308DA224B3745005B495A /* MedicalFile.swift in Sources */ = {isa = PBXBuildFile; fileRef = 7B9308D9224B3745005B495A /* MedicalFile.swift */; };
		7BA7F246221F5FB20034B25C /* APIManager.swift in Sources */ = {isa = PBXBuildFile; fileRef = 7BA7F245221F5FB20034B25C /* APIManager.swift */; };
		7BA7F248221F60040034B25C /* Persistencia.swift in Sources */ = {isa = PBXBuildFile; fileRef = 7BA7F247221F60040034B25C /* Persistencia.swift */; };
		7BA7F24A221F604C0034B25C /* Professional.swift in Sources */ = {isa = PBXBuildFile; fileRef = 7BA7F249221F604C0034B25C /* Professional.swift */; };
		7BD549AC2217C07A00DABA17 /* AppDelegate.swift in Sources */ = {isa = PBXBuildFile; fileRef = 7BD549AB2217C07A00DABA17 /* AppDelegate.swift */; };
		7BD549B32217C07A00DABA17 /* Main.storyboard in Resources */ = {isa = PBXBuildFile; fileRef = 7BD549B12217C07A00DABA17 /* Main.storyboard */; };
		7BD549B52217C07B00DABA17 /* Assets.xcassets in Resources */ = {isa = PBXBuildFile; fileRef = 7BD549B42217C07B00DABA17 /* Assets.xcassets */; };
		7BD549B82217C07B00DABA17 /* LaunchScreen.storyboard in Resources */ = {isa = PBXBuildFile; fileRef = 7BD549B62217C07B00DABA17 /* LaunchScreen.storyboard */; };
		7BD549C02217C24400DABA17 /* Utilidades.swift in Sources */ = {isa = PBXBuildFile; fileRef = 7BD549BF2217C24400DABA17 /* Utilidades.swift */; };
		7BD549C22217C2B900DABA17 /* LoginViewController.swift in Sources */ = {isa = PBXBuildFile; fileRef = 7BD549C12217C2B900DABA17 /* LoginViewController.swift */; };
		7BD6C53822239622006E029C /* ProPatientDetailsViewController.swift in Sources */ = {isa = PBXBuildFile; fileRef = 7BD6C53722239622006E029C /* ProPatientDetailsViewController.swift */; };
		7BD6C53A2223A46D006E029C /* ProMyPatientsViewController.swift in Sources */ = {isa = PBXBuildFile; fileRef = 7BD6C5392223A46D006E029C /* ProMyPatientsViewController.swift */; };
/* End PBXBuildFile section */

/* Begin PBXFileReference section */
		7B540954222248EC00FA1B74 /* ProNewAppointmentViewController.swift */ = {isa = PBXFileReference; lastKnownFileType = sourcecode.swift; path = ProNewAppointmentViewController.swift; sourceTree = "<group>"; };
		7B54095622224B1E00FA1B74 /* Patient.swift */ = {isa = PBXFileReference; lastKnownFileType = sourcecode.swift; path = Patient.swift; sourceTree = "<group>"; };
		7B6A7686224EFF6600F4E5BC /* dataBase.xcdatamodel */ = {isa = PBXFileReference; lastKnownFileType = wrapper.xcdatamodel; path = dataBase.xcdatamodel; sourceTree = "<group>"; };
		7B6B63DA2221B75A0062BB75 /* Patients.storyboard */ = {isa = PBXFileReference; lastKnownFileType = file.storyboard; path = Patients.storyboard; sourceTree = "<group>"; };
		7B6B63DC2221B7660062BB75 /* Professionals.storyboard */ = {isa = PBXFileReference; lastKnownFileType = file.storyboard; path = Professionals.storyboard; sourceTree = "<group>"; };
		7B6B63E12221F8940062BB75 /* ProAgendaViewController.swift */ = {isa = PBXFileReference; lastKnownFileType = sourcecode.swift; path = ProAgendaViewController.swift; sourceTree = "<group>"; };
		7B9308D3224B36A3005B495A /* Appointment.swift */ = {isa = PBXFileReference; lastKnownFileType = sourcecode.swift; path = Appointment.swift; sourceTree = "<group>"; };
		7B9308D5224B36CE005B495A /* PatientRecord.swift */ = {isa = PBXFileReference; lastKnownFileType = sourcecode.swift; path = PatientRecord.swift; sourceTree = "<group>"; };
		7B9308D9224B3745005B495A /* MedicalFile.swift */ = {isa = PBXFileReference; lastKnownFileType = sourcecode.swift; path = MedicalFile.swift; sourceTree = "<group>"; };
		7BA7F245221F5FB20034B25C /* APIManager.swift */ = {isa = PBXFileReference; lastKnownFileType = sourcecode.swift; path = APIManager.swift; sourceTree = "<group>"; };
		7BA7F247221F60040034B25C /* Persistencia.swift */ = {isa = PBXFileReference; lastKnownFileType = sourcecode.swift; path = Persistencia.swift; sourceTree = "<group>"; };
		7BA7F249221F604C0034B25C /* Professional.swift */ = {isa = PBXFileReference; lastKnownFileType = sourcecode.swift; path = Professional.swift; sourceTree = "<group>"; };
		7BD549A82217C07A00DABA17 /* ProMed.app */ = {isa = PBXFileReference; explicitFileType = wrapper.application; includeInIndex = 0; path = ProMed.app; sourceTree = BUILT_PRODUCTS_DIR; };
		7BD549AB2217C07A00DABA17 /* AppDelegate.swift */ = {isa = PBXFileReference; lastKnownFileType = sourcecode.swift; path = AppDelegate.swift; sourceTree = "<group>"; };
		7BD549B22217C07A00DABA17 /* Base */ = {isa = PBXFileReference; lastKnownFileType = file.storyboard; name = Base; path = Base.lproj/Main.storyboard; sourceTree = "<group>"; };
		7BD549B42217C07B00DABA17 /* Assets.xcassets */ = {isa = PBXFileReference; lastKnownFileType = folder.assetcatalog; path = Assets.xcassets; sourceTree = "<group>"; };
		7BD549B72217C07B00DABA17 /* Base */ = {isa = PBXFileReference; lastKnownFileType = file.storyboard; name = Base; path = Base.lproj/LaunchScreen.storyboard; sourceTree = "<group>"; };
		7BD549B92217C07B00DABA17 /* Info.plist */ = {isa = PBXFileReference; lastKnownFileType = text.plist.xml; path = Info.plist; sourceTree = "<group>"; };
		7BD549BF2217C24400DABA17 /* Utilidades.swift */ = {isa = PBXFileReference; lastKnownFileType = sourcecode.swift; path = Utilidades.swift; sourceTree = "<group>"; };
		7BD549C12217C2B900DABA17 /* LoginViewController.swift */ = {isa = PBXFileReference; lastKnownFileType = sourcecode.swift; path = LoginViewController.swift; sourceTree = "<group>"; };
		7BD6C53722239622006E029C /* ProPatientDetailsViewController.swift */ = {isa = PBXFileReference; lastKnownFileType = sourcecode.swift; path = ProPatientDetailsViewController.swift; sourceTree = "<group>"; };
		7BD6C5392223A46D006E029C /* ProMyPatientsViewController.swift */ = {isa = PBXFileReference; lastKnownFileType = sourcecode.swift; path = ProMyPatientsViewController.swift; sourceTree = "<group>"; };
		BF6206938B19EF968DE99110 /* Pods-ProMed.debug.xcconfig */ = {isa = PBXFileReference; includeInIndex = 1; lastKnownFileType = text.xcconfig; name = "Pods-ProMed.debug.xcconfig"; path = "Target Support Files/Pods-ProMed/Pods-ProMed.debug.xcconfig"; sourceTree = "<group>"; };
		E372BFABF0B145FB2137EB63 /* Pods-ProMed.release.xcconfig */ = {isa = PBXFileReference; includeInIndex = 1; lastKnownFileType = text.xcconfig; name = "Pods-ProMed.release.xcconfig"; path = "Target Support Files/Pods-ProMed/Pods-ProMed.release.xcconfig"; sourceTree = "<group>"; };
		F542996138600E6CD9174983 /* Pods_ProMed.framework */ = {isa = PBXFileReference; explicitFileType = wrapper.framework; includeInIndex = 0; path = Pods_ProMed.framework; sourceTree = BUILT_PRODUCTS_DIR; };
/* End PBXFileReference section */

/* Begin PBXFrameworksBuildPhase section */
		7BD549A52217C07A00DABA17 /* Frameworks */ = {
			isa = PBXFrameworksBuildPhase;
			buildActionMask = 2147483647;
			files = (
				4F4308DB79CA908A99E66E04 /* Pods_ProMed.framework in Frameworks */,
			);
			runOnlyForDeploymentPostprocessing = 0;
		};
/* End PBXFrameworksBuildPhase section */

/* Begin PBXGroup section */
		64A5BA24E888B68DB52BB2D0 /* Pods */ = {
			isa = PBXGroup;
			children = (
				BF6206938B19EF968DE99110 /* Pods-ProMed.debug.xcconfig */,
				E372BFABF0B145FB2137EB63 /* Pods-ProMed.release.xcconfig */,
			);
			path = Pods;
			sourceTree = "<group>";
		};
		7B6B63DE2221F04F0062BB75 /* Model */ = {
			isa = PBXGroup;
			children = (
				7BA7F249221F604C0034B25C /* Professional.swift */,
				7B54095622224B1E00FA1B74 /* Patient.swift */,
				7B9308D3224B36A3005B495A /* Appointment.swift */,
				7B9308D5224B36CE005B495A /* PatientRecord.swift */,
				7B6A7685224EFF6600F4E5BC /* dataBase.xcdatamodeld */,
				7B9308D9224B3745005B495A /* MedicalFile.swift */,
			);
			path = Model;
			sourceTree = "<group>";
		};
		7B6B63DF2221F0620062BB75 /* SingletonManager */ = {
			isa = PBXGroup;
			children = (
				7BA7F245221F5FB20034B25C /* APIManager.swift */,
				7BA7F247221F60040034B25C /* Persistencia.swift */,
			);
			path = SingletonManager;
			sourceTree = "<group>";
		};
		7B6B63E02221F0750062BB75 /* Storyboards */ = {
			isa = PBXGroup;
			children = (
				7BD549B12217C07A00DABA17 /* Main.storyboard */,
				7B6B63DA2221B75A0062BB75 /* Patients.storyboard */,
			);
			path = Storyboards;
			sourceTree = "<group>";
		};
		7B6B63E32221F89A0062BB75 /* Professionals */ = {
			isa = PBXGroup;
			children = (
				7B6B63DC2221B7660062BB75 /* Professionals.storyboard */,
				7B6B63E12221F8940062BB75 /* ProAgendaViewController.swift */,
				7BD6C5392223A46D006E029C /* ProMyPatientsViewController.swift */,
				7B540954222248EC00FA1B74 /* ProNewAppointmentViewController.swift */,
				7BD6C53722239622006E029C /* ProPatientDetailsViewController.swift */,
			);
			path = Professionals;
			sourceTree = "<group>";
		};
		7BD5499F2217C07A00DABA17 = {
			isa = PBXGroup;
			children = (
				7BD549AA2217C07A00DABA17 /* ProMed */,
				7BD549A92217C07A00DABA17 /* Products */,
				64A5BA24E888B68DB52BB2D0 /* Pods */,
				FED9039EC5EBA9D2905A4C72 /* Frameworks */,
			);
			sourceTree = "<group>";
		};
		7BD549A92217C07A00DABA17 /* Products */ = {
			isa = PBXGroup;
			children = (
				7BD549A82217C07A00DABA17 /* ProMed.app */,
			);
			name = Products;
			sourceTree = "<group>";
		};
		7BD549AA2217C07A00DABA17 /* ProMed */ = {
			isa = PBXGroup;
			children = (
				7BD549AB2217C07A00DABA17 /* AppDelegate.swift */,
				7BD549C12217C2B900DABA17 /* LoginViewController.swift */,
				7B6B63E32221F89A0062BB75 /* Professionals */,
				7B6B63DF2221F0620062BB75 /* SingletonManager */,
				7B6B63DE2221F04F0062BB75 /* Model */,
				7B6B63E02221F0750062BB75 /* Storyboards */,
				7BD549BF2217C24400DABA17 /* Utilidades.swift */,
				7BD549B42217C07B00DABA17 /* Assets.xcassets */,
				7BD549B62217C07B00DABA17 /* LaunchScreen.storyboard */,
				7BD549B92217C07B00DABA17 /* Info.plist */,
			);
			path = ProMed;
			sourceTree = "<group>";
		};
		FED9039EC5EBA9D2905A4C72 /* Frameworks */ = {
			isa = PBXGroup;
			children = (
				F542996138600E6CD9174983 /* Pods_ProMed.framework */,
			);
			name = Frameworks;
			sourceTree = "<group>";
		};
/* End PBXGroup section */

/* Begin PBXNativeTarget section */
		7BD549A72217C07A00DABA17 /* ProMed */ = {
			isa = PBXNativeTarget;
			buildConfigurationList = 7BD549BC2217C07B00DABA17 /* Build configuration list for PBXNativeTarget "ProMed" */;
			buildPhases = (
				FE14B1380692B0772CB9EE3D /* [CP] Check Pods Manifest.lock */,
				7BD549A42217C07A00DABA17 /* Sources */,
				7BD549A52217C07A00DABA17 /* Frameworks */,
				7BD549A62217C07A00DABA17 /* Resources */,
				677389069AEBEA8C314A7FCB /* [CP] Embed Pods Frameworks */,
				7BD6C53622230C23006E029C /* ShellScript */,
			);
			buildRules = (
			);
			dependencies = (
			);
			name = ProMed;
			productName = ProMed;
			productReference = 7BD549A82217C07A00DABA17 /* ProMed.app */;
			productType = "com.apple.product-type.application";
		};
/* End PBXNativeTarget section */

/* Begin PBXProject section */
		7BD549A02217C07A00DABA17 /* Project object */ = {
			isa = PBXProject;
			attributes = {
				LastSwiftUpdateCheck = 1010;
				LastUpgradeCheck = 1010;
				ORGANIZATIONNAME = DeepTech;
				TargetAttributes = {
					7BD549A72217C07A00DABA17 = {
						CreatedOnToolsVersion = 10.1;
					};
				};
			};
			buildConfigurationList = 7BD549A32217C07A00DABA17 /* Build configuration list for PBXProject "ProMed" */;
			compatibilityVersion = "Xcode 9.3";
			developmentRegion = en;
			hasScannedForEncodings = 0;
			knownRegions = (
				en,
				Base,
			);
			mainGroup = 7BD5499F2217C07A00DABA17;
			productRefGroup = 7BD549A92217C07A00DABA17 /* Products */;
			projectDirPath = "";
			projectRoot = "";
			targets = (
				7BD549A72217C07A00DABA17 /* ProMed */,
			);
		};
/* End PBXProject section */

/* Begin PBXResourcesBuildPhase section */
		7BD549A62217C07A00DABA17 /* Resources */ = {
			isa = PBXResourcesBuildPhase;
			buildActionMask = 2147483647;
			files = (
				7BD549B82217C07B00DABA17 /* LaunchScreen.storyboard in Resources */,
				7BD549B52217C07B00DABA17 /* Assets.xcassets in Resources */,
				7B6B63DB2221B75A0062BB75 /* Patients.storyboard in Resources */,
				7BD549B32217C07A00DABA17 /* Main.storyboard in Resources */,
				7B6B63DD2221B7660062BB75 /* Professionals.storyboard in Resources */,
			);
			runOnlyForDeploymentPostprocessing = 0;
		};
/* End PBXResourcesBuildPhase section */

/* Begin PBXShellScriptBuildPhase section */
		677389069AEBEA8C314A7FCB /* [CP] Embed Pods Frameworks */ = {
			isa = PBXShellScriptBuildPhase;
			buildActionMask = 2147483647;
			files = (
			);
			inputFileListPaths = (
			);
			inputPaths = (
				"${PODS_ROOT}/Target Support Files/Pods-ProMed/Pods-ProMed-frameworks.sh",
				"${BUILT_PRODUCTS_DIR}/Alamofire/Alamofire.framework",
				"${BUILT_PRODUCTS_DIR}/IQKeyboardManagerSwift/IQKeyboardManagerSwift.framework",
				"${BUILT_PRODUCTS_DIR}/PromiseKit/PromiseKit.framework",
				"${BUILT_PRODUCTS_DIR}/Realm/Realm.framework",
				"${BUILT_PRODUCTS_DIR}/RealmSwift/RealmSwift.framework",
			);
			name = "[CP] Embed Pods Frameworks";
			outputFileListPaths = (
			);
			outputPaths = (
				"${TARGET_BUILD_DIR}/${FRAMEWORKS_FOLDER_PATH}/Alamofire.framework",
				"${TARGET_BUILD_DIR}/${FRAMEWORKS_FOLDER_PATH}/IQKeyboardManagerSwift.framework",
				"${TARGET_BUILD_DIR}/${FRAMEWORKS_FOLDER_PATH}/PromiseKit.framework",
				"${TARGET_BUILD_DIR}/${FRAMEWORKS_FOLDER_PATH}/Realm.framework",
				"${TARGET_BUILD_DIR}/${FRAMEWORKS_FOLDER_PATH}/RealmSwift.framework",
			);
			runOnlyForDeploymentPostprocessing = 0;
			shellPath = /bin/sh;
			shellScript = "\"${PODS_ROOT}/Target Support Files/Pods-ProMed/Pods-ProMed-frameworks.sh\"\n";
			showEnvVarsInLog = 0;
		};
		7BD6C53622230C23006E029C /* ShellScript */ = {
			isa = PBXShellScriptBuildPhase;
			buildActionMask = 2147483647;
			files = (
			);
			inputFileListPaths = (
			);
			inputPaths = (
			);
			outputFileListPaths = (
			);
			outputPaths = (
			);
			runOnlyForDeploymentPostprocessing = 0;
			shellPath = /bin/sh;
			shellScript = "\"${PODS_ROOT}/SwiftLint/swiftlint\"\n";
		};
		FE14B1380692B0772CB9EE3D /* [CP] Check Pods Manifest.lock */ = {
			isa = PBXShellScriptBuildPhase;
			buildActionMask = 2147483647;
			files = (
			);
			inputFileListPaths = (
			);
			inputPaths = (
				"${PODS_PODFILE_DIR_PATH}/Podfile.lock",
				"${PODS_ROOT}/Manifest.lock",
			);
			name = "[CP] Check Pods Manifest.lock";
			outputFileListPaths = (
			);
			outputPaths = (
				"$(DERIVED_FILE_DIR)/Pods-ProMed-checkManifestLockResult.txt",
			);
			runOnlyForDeploymentPostprocessing = 0;
			shellPath = /bin/sh;
			shellScript = "diff \"${PODS_PODFILE_DIR_PATH}/Podfile.lock\" \"${PODS_ROOT}/Manifest.lock\" > /dev/null\nif [ $? != 0 ] ; then\n    # print error to STDERR\n    echo \"error: The sandbox is not in sync with the Podfile.lock. Run 'pod install' or update your CocoaPods installation.\" >&2\n    exit 1\nfi\n# This output is used by Xcode 'outputs' to avoid re-running this script phase.\necho \"SUCCESS\" > \"${SCRIPT_OUTPUT_FILE_0}\"\n";
			showEnvVarsInLog = 0;
		};
/* End PBXShellScriptBuildPhase section */

/* Begin PBXSourcesBuildPhase section */
		7BD549A42217C07A00DABA17 /* Sources */ = {
			isa = PBXSourcesBuildPhase;
			buildActionMask = 2147483647;
			files = (
				7B9308DA224B3745005B495A /* MedicalFile.swift in Sources */,
				7BA7F246221F5FB20034B25C /* APIManager.swift in Sources */,
				7B9308D6224B36CE005B495A /* PatientRecord.swift in Sources */,
				7BA7F24A221F604C0034B25C /* Professional.swift in Sources */,
				7B54095722224B1E00FA1B74 /* Patient.swift in Sources */,
				7B6A7687224EFF6600F4E5BC /* dataBase.xcdatamodeld in Sources */,
				7B9308D4224B36A3005B495A /* Appointment.swift in Sources */,
				7BD549AC2217C07A00DABA17 /* AppDelegate.swift in Sources */,
				7BD549C22217C2B900DABA17 /* LoginViewController.swift in Sources */,
				7B540955222248EC00FA1B74 /* ProNewAppointmentViewController.swift in Sources */,
				7BD549C02217C24400DABA17 /* Utilidades.swift in Sources */,
				7BD6C53A2223A46D006E029C /* ProMyPatientsViewController.swift in Sources */,
				7BD6C53822239622006E029C /* ProPatientDetailsViewController.swift in Sources */,
				7BA7F248221F60040034B25C /* Persistencia.swift in Sources */,
				7B6B63E22221F8940062BB75 /* ProAgendaViewController.swift in Sources */,
			);
			runOnlyForDeploymentPostprocessing = 0;
		};
/* End PBXSourcesBuildPhase section */

/* Begin PBXVariantGroup section */
		7BD549B12217C07A00DABA17 /* Main.storyboard */ = {
			isa = PBXVariantGroup;
			children = (
				7BD549B22217C07A00DABA17 /* Base */,
			);
			name = Main.storyboard;
			sourceTree = "<group>";
		};
		7BD549B62217C07B00DABA17 /* LaunchScreen.storyboard */ = {
			isa = PBXVariantGroup;
			children = (
				7BD549B72217C07B00DABA17 /* Base */,
			);
			name = LaunchScreen.storyboard;
			sourceTree = "<group>";
		};
/* End PBXVariantGroup section */

/* Begin XCBuildConfiguration section */
		7BD549BA2217C07B00DABA17 /* Debug */ = {
			isa = XCBuildConfiguration;
			buildSettings = {
				ALWAYS_SEARCH_USER_PATHS = NO;
				CLANG_ANALYZER_NONNULL = YES;
				CLANG_ANALYZER_NUMBER_OBJECT_CONVERSION = YES_AGGRESSIVE;
				CLANG_CXX_LANGUAGE_STANDARD = "gnu++14";
				CLANG_CXX_LIBRARY = "libc++";
				CLANG_ENABLE_MODULES = YES;
				CLANG_ENABLE_OBJC_ARC = YES;
				CLANG_ENABLE_OBJC_WEAK = YES;
				CLANG_WARN_BLOCK_CAPTURE_AUTORELEASING = YES;
				CLANG_WARN_BOOL_CONVERSION = YES;
				CLANG_WARN_COMMA = YES;
				CLANG_WARN_CONSTANT_CONVERSION = YES;
				CLANG_WARN_DEPRECATED_OBJC_IMPLEMENTATIONS = YES;
				CLANG_WARN_DIRECT_OBJC_ISA_USAGE = YES_ERROR;
				CLANG_WARN_DOCUMENTATION_COMMENTS = YES;
				CLANG_WARN_EMPTY_BODY = YES;
				CLANG_WARN_ENUM_CONVERSION = YES;
				CLANG_WARN_INFINITE_RECURSION = YES;
				CLANG_WARN_INT_CONVERSION = YES;
				CLANG_WARN_NON_LITERAL_NULL_CONVERSION = YES;
				CLANG_WARN_OBJC_IMPLICIT_RETAIN_SELF = YES;
				CLANG_WARN_OBJC_LITERAL_CONVERSION = YES;
				CLANG_WARN_OBJC_ROOT_CLASS = YES_ERROR;
				CLANG_WARN_RANGE_LOOP_ANALYSIS = YES;
				CLANG_WARN_STRICT_PROTOTYPES = YES;
				CLANG_WARN_SUSPICIOUS_MOVE = YES;
				CLANG_WARN_UNGUARDED_AVAILABILITY = YES_AGGRESSIVE;
				CLANG_WARN_UNREACHABLE_CODE = YES;
				CLANG_WARN__DUPLICATE_METHOD_MATCH = YES;
				CODE_SIGN_IDENTITY = "iPhone Developer";
				COPY_PHASE_STRIP = NO;
				DEBUG_INFORMATION_FORMAT = dwarf;
				ENABLE_STRICT_OBJC_MSGSEND = YES;
				ENABLE_TESTABILITY = YES;
				GCC_C_LANGUAGE_STANDARD = gnu11;
				GCC_DYNAMIC_NO_PIC = NO;
				GCC_NO_COMMON_BLOCKS = YES;
				GCC_OPTIMIZATION_LEVEL = 0;
				GCC_PREPROCESSOR_DEFINITIONS = (
					"DEBUG=1",
					"$(inherited)",
				);
				GCC_WARN_64_TO_32_BIT_CONVERSION = YES;
				GCC_WARN_ABOUT_RETURN_TYPE = YES_ERROR;
				GCC_WARN_UNDECLARED_SELECTOR = YES;
				GCC_WARN_UNINITIALIZED_AUTOS = YES_AGGRESSIVE;
				GCC_WARN_UNUSED_FUNCTION = YES;
				GCC_WARN_UNUSED_VARIABLE = YES;
				IPHONEOS_DEPLOYMENT_TARGET = 12.1;
				MTL_ENABLE_DEBUG_INFO = INCLUDE_SOURCE;
				MTL_FAST_MATH = YES;
				ONLY_ACTIVE_ARCH = YES;
				SDKROOT = iphoneos;
				SWIFT_ACTIVE_COMPILATION_CONDITIONS = DEBUG;
				SWIFT_OPTIMIZATION_LEVEL = "-Onone";
			};
			name = Debug;
		};
		7BD549BB2217C07B00DABA17 /* Release */ = {
			isa = XCBuildConfiguration;
			buildSettings = {
				ALWAYS_SEARCH_USER_PATHS = NO;
				CLANG_ANALYZER_NONNULL = YES;
				CLANG_ANALYZER_NUMBER_OBJECT_CONVERSION = YES_AGGRESSIVE;
				CLANG_CXX_LANGUAGE_STANDARD = "gnu++14";
				CLANG_CXX_LIBRARY = "libc++";
				CLANG_ENABLE_MODULES = YES;
				CLANG_ENABLE_OBJC_ARC = YES;
				CLANG_ENABLE_OBJC_WEAK = YES;
				CLANG_WARN_BLOCK_CAPTURE_AUTORELEASING = YES;
				CLANG_WARN_BOOL_CONVERSION = YES;
				CLANG_WARN_COMMA = YES;
				CLANG_WARN_CONSTANT_CONVERSION = YES;
				CLANG_WARN_DEPRECATED_OBJC_IMPLEMENTATIONS = YES;
				CLANG_WARN_DIRECT_OBJC_ISA_USAGE = YES_ERROR;
				CLANG_WARN_DOCUMENTATION_COMMENTS = YES;
				CLANG_WARN_EMPTY_BODY = YES;
				CLANG_WARN_ENUM_CONVERSION = YES;
				CLANG_WARN_INFINITE_RECURSION = YES;
				CLANG_WARN_INT_CONVERSION = YES;
				CLANG_WARN_NON_LITERAL_NULL_CONVERSION = YES;
				CLANG_WARN_OBJC_IMPLICIT_RETAIN_SELF = YES;
				CLANG_WARN_OBJC_LITERAL_CONVERSION = YES;
				CLANG_WARN_OBJC_ROOT_CLASS = YES_ERROR;
				CLANG_WARN_RANGE_LOOP_ANALYSIS = YES;
				CLANG_WARN_STRICT_PROTOTYPES = YES;
				CLANG_WARN_SUSPICIOUS_MOVE = YES;
				CLANG_WARN_UNGUARDED_AVAILABILITY = YES_AGGRESSIVE;
				CLANG_WARN_UNREACHABLE_CODE = YES;
				CLANG_WARN__DUPLICATE_METHOD_MATCH = YES;
				CODE_SIGN_IDENTITY = "iPhone Developer";
				COPY_PHASE_STRIP = NO;
				DEBUG_INFORMATION_FORMAT = "dwarf-with-dsym";
				ENABLE_NS_ASSERTIONS = NO;
				ENABLE_STRICT_OBJC_MSGSEND = YES;
				GCC_C_LANGUAGE_STANDARD = gnu11;
				GCC_NO_COMMON_BLOCKS = YES;
				GCC_WARN_64_TO_32_BIT_CONVERSION = YES;
				GCC_WARN_ABOUT_RETURN_TYPE = YES_ERROR;
				GCC_WARN_UNDECLARED_SELECTOR = YES;
				GCC_WARN_UNINITIALIZED_AUTOS = YES_AGGRESSIVE;
				GCC_WARN_UNUSED_FUNCTION = YES;
				GCC_WARN_UNUSED_VARIABLE = YES;
				IPHONEOS_DEPLOYMENT_TARGET = 12.1;
				MTL_ENABLE_DEBUG_INFO = NO;
				MTL_FAST_MATH = YES;
				SDKROOT = iphoneos;
				SWIFT_COMPILATION_MODE = wholemodule;
				SWIFT_OPTIMIZATION_LEVEL = "-O";
				VALIDATE_PRODUCT = YES;
			};
			name = Release;
		};
		7BD549BD2217C07B00DABA17 /* Debug */ = {
			isa = XCBuildConfiguration;
			baseConfigurationReference = BF6206938B19EF968DE99110 /* Pods-ProMed.debug.xcconfig */;
			buildSettings = {
				ASSETCATALOG_COMPILER_APPICON_NAME = AppIcon;
				CODE_SIGN_STYLE = Automatic;
				DEVELOPMENT_TEAM = 7R5SGC6JP6;
				INFOPLIST_FILE = ProMed/Info.plist;
				LD_RUNPATH_SEARCH_PATHS = (
					"$(inherited)",
					"@executable_path/Frameworks",
				);
				PRODUCT_BUNDLE_IDENTIFIER = com.deepTech.ProMed;
				PRODUCT_NAME = "$(TARGET_NAME)";
				SWIFT_VERSION = 4.2;
				TARGETED_DEVICE_FAMILY = "1,2";
			};
			name = Debug;
		};
		7BD549BE2217C07B00DABA17 /* Release */ = {
			isa = XCBuildConfiguration;
			baseConfigurationReference = E372BFABF0B145FB2137EB63 /* Pods-ProMed.release.xcconfig */;
			buildSettings = {
				ASSETCATALOG_COMPILER_APPICON_NAME = AppIcon;
				CODE_SIGN_STYLE = Automatic;
				DEVELOPMENT_TEAM = 7R5SGC6JP6;
				INFOPLIST_FILE = ProMed/Info.plist;
				LD_RUNPATH_SEARCH_PATHS = (
					"$(inherited)",
					"@executable_path/Frameworks",
				);
				PRODUCT_BUNDLE_IDENTIFIER = com.deepTech.ProMed;
				PRODUCT_NAME = "$(TARGET_NAME)";
				SWIFT_VERSION = 4.2;
				TARGETED_DEVICE_FAMILY = "1,2";
			};
			name = Release;
		};
/* End XCBuildConfiguration section */

/* Begin XCConfigurationList section */
		7BD549A32217C07A00DABA17 /* Build configuration list for PBXProject "ProMed" */ = {
			isa = XCConfigurationList;
			buildConfigurations = (
				7BD549BA2217C07B00DABA17 /* Debug */,
				7BD549BB2217C07B00DABA17 /* Release */,
			);
			defaultConfigurationIsVisible = 0;
			defaultConfigurationName = Release;
		};
		7BD549BC2217C07B00DABA17 /* Build configuration list for PBXNativeTarget "ProMed" */ = {
			isa = XCConfigurationList;
			buildConfigurations = (
				7BD549BD2217C07B00DABA17 /* Debug */,
				7BD549BE2217C07B00DABA17 /* Release */,
			);
			defaultConfigurationIsVisible = 0;
			defaultConfigurationName = Release;
		};
/* End XCConfigurationList section */

/* Begin XCVersionGroup section */
		7B6A7685224EFF6600F4E5BC /* dataBase.xcdatamodeld */ = {
			isa = XCVersionGroup;
			children = (
				7B6A7686224EFF6600F4E5BC /* dataBase.xcdatamodel */,
			);
			currentVersion = 7B6A7686224EFF6600F4E5BC /* dataBase.xcdatamodel */;
			path = dataBase.xcdatamodeld;
			sourceTree = "<group>";
			versionGroupType = wrapper.xcdatamodel;
		};
/* End XCVersionGroup section */
	};
	rootObject = 7BD549A02217C07A00DABA17 /* Project object */;
}
