// !$*UTF8*$!
{
	archiveVersion = 1;
	classes = {
	};
	objectVersion = 50;
	objects = {

/* Begin PBXBuildFile section */
		7B540955222248EC00FA1B74 /* ProfessionalScheduleViewController.swift in Sources */ = {isa = PBXBuildFile; fileRef = 7B540954222248EC00FA1B74 /* ProfessionalScheduleViewController.swift */; };
		7B54095722224B1E00FA1B74 /* Patient.swift in Sources */ = {isa = PBXBuildFile; fileRef = 7B54095622224B1E00FA1B74 /* Patient.swift */; };
		7B6B63DB2221B75A0062BB75 /* Patients.storyboard in Resources */ = {isa = PBXBuildFile; fileRef = 7B6B63DA2221B75A0062BB75 /* Patients.storyboard */; };
		7B6B63DD2221B7660062BB75 /* Professionals.storyboard in Resources */ = {isa = PBXBuildFile; fileRef = 7B6B63DC2221B7660062BB75 /* Professionals.storyboard */; };
		7B6B63E22221F8940062BB75 /* ProfessionalAgendaViewController.swift in Sources */ = {isa = PBXBuildFile; fileRef = 7B6B63E12221F8940062BB75 /* ProfessionalAgendaViewController.swift */; };
		7BA7F246221F5FB20034B25C /* APIManager.swift in Sources */ = {isa = PBXBuildFile; fileRef = 7BA7F245221F5FB20034B25C /* APIManager.swift */; };
		7BA7F248221F60040034B25C /* Persistencia.swift in Sources */ = {isa = PBXBuildFile; fileRef = 7BA7F247221F60040034B25C /* Persistencia.swift */; };
		7BA7F24A221F604C0034B25C /* Professional.swift in Sources */ = {isa = PBXBuildFile; fileRef = 7BA7F249221F604C0034B25C /* Professional.swift */; };
		7BD549AC2217C07A00DABA17 /* AppDelegate.swift in Sources */ = {isa = PBXBuildFile; fileRef = 7BD549AB2217C07A00DABA17 /* AppDelegate.swift */; };
		7BD549B32217C07A00DABA17 /* Main.storyboard in Resources */ = {isa = PBXBuildFile; fileRef = 7BD549B12217C07A00DABA17 /* Main.storyboard */; };
		7BD549B52217C07B00DABA17 /* Assets.xcassets in Resources */ = {isa = PBXBuildFile; fileRef = 7BD549B42217C07B00DABA17 /* Assets.xcassets */; };
		7BD549B82217C07B00DABA17 /* LaunchScreen.storyboard in Resources */ = {isa = PBXBuildFile; fileRef = 7BD549B62217C07B00DABA17 /* LaunchScreen.storyboard */; };
		7BD549C02217C24400DABA17 /* Utilidades.swift in Sources */ = {isa = PBXBuildFile; fileRef = 7BD549BF2217C24400DABA17 /* Utilidades.swift */; };
		7BD549C22217C2B900DABA17 /* LoginViewController.swift in Sources */ = {isa = PBXBuildFile; fileRef = 7BD549C12217C2B900DABA17 /* LoginViewController.swift */; };
/* End PBXBuildFile section */

/* Begin PBXFileReference section */
		7B540954222248EC00FA1B74 /* ProfessionalScheduleViewController.swift */ = {isa = PBXFileReference; lastKnownFileType = sourcecode.swift; path = ProfessionalScheduleViewController.swift; sourceTree = "<group>"; };
		7B54095622224B1E00FA1B74 /* Patient.swift */ = {isa = PBXFileReference; lastKnownFileType = sourcecode.swift; path = Patient.swift; sourceTree = "<group>"; };
		7B6B63DA2221B75A0062BB75 /* Patients.storyboard */ = {isa = PBXFileReference; lastKnownFileType = file.storyboard; path = Patients.storyboard; sourceTree = "<group>"; };
		7B6B63DC2221B7660062BB75 /* Professionals.storyboard */ = {isa = PBXFileReference; lastKnownFileType = file.storyboard; path = Professionals.storyboard; sourceTree = "<group>"; };
		7B6B63E12221F8940062BB75 /* ProfessionalAgendaViewController.swift */ = {isa = PBXFileReference; lastKnownFileType = sourcecode.swift; path = ProfessionalAgendaViewController.swift; sourceTree = "<group>"; };
		7BA7F245221F5FB20034B25C /* APIManager.swift */ = {isa = PBXFileReference; lastKnownFileType = sourcecode.swift; path = APIManager.swift; sourceTree = "<group>"; };
		7BA7F247221F60040034B25C /* Persistencia.swift */ = {isa = PBXFileReference; lastKnownFileType = sourcecode.swift; path = Persistencia.swift; sourceTree = "<group>"; };
		7BA7F249221F604C0034B25C /* Professional.swift */ = {isa = PBXFileReference; lastKnownFileType = sourcecode.swift; path = Professional.swift; sourceTree = "<group>"; };
		7BD549A82217C07A00DABA17 /* ProMed.app */ = {isa = PBXFileReference; explicitFileType = wrapper.application; includeInIndex = 0; path = ProMed.app; sourceTree = BUILT_PRODUCTS_DIR; };
		7BD549AB2217C07A00DABA17 /* AppDelegate.swift */ = {isa = PBXFileReference; lastKnownFileType = sourcecode.swift; path = AppDelegate.swift; sourceTree = "<group>"; };
		7BD549B22217C07A00DABA17 /* Base */ = {isa = PBXFileReference; lastKnownFileType = file.storyboard; name = Base; path = Base.lproj/Main.storyboard; sourceTree = "<group>"; };
		7BD549B42217C07B00DABA17 /* Assets.xcassets */ = {isa = PBXFileReference; lastKnownFileType = folder.assetcatalog; path = Assets.xcassets; sourceTree = "<group>"; };
		7BD549B72217C07B00DABA17 /* Base */ = {isa = PBXFileReference; lastKnownFileType = file.storyboard; name = Base; path = Base.lproj/LaunchScreen.storyboard; sourceTree = "<group>"; };
		7BD549B92217C07B00DABA17 /* Info.plist */ = {isa = PBXFileReference; lastKnownFileType = text.plist.xml; path = Info.plist; sourceTree = "<group>"; };
		7BD549BF2217C24400DABA17 /* Utilidades.swift */ = {isa = PBXFileReference; lastKnownFileType = sourcecode.swift; path = Utilidades.swift; sourceTree = "<group>"; };
		7BD549C12217C2B900DABA17 /* LoginViewController.swift */ = {isa = PBXFileReference; lastKnownFileType = sourcecode.swift; path = LoginViewController.swift; sourceTree = "<group>"; };
/* End PBXFileReference section */

/* Begin PBXFrameworksBuildPhase section */
		7BD549A52217C07A00DABA17 /* Frameworks */ = {
			isa = PBXFrameworksBuildPhase;
			buildActionMask = 2147483647;
			files = (
			);
			runOnlyForDeploymentPostprocessing = 0;
		};
/* End PBXFrameworksBuildPhase section */

/* Begin PBXGroup section */
		7B6B63DE2221F04F0062BB75 /* Model */ = {
			isa = PBXGroup;
			children = (
				7BA7F249221F604C0034B25C /* Professional.swift */,
				7B54095622224B1E00FA1B74 /* Patient.swift */,
			);
			path = Model;
			sourceTree = "<group>";
		};
		7B6B63DF2221F0620062BB75 /* SingletonManager */ = {
			isa = PBXGroup;
			children = (
				7BA7F245221F5FB20034B25C /* APIManager.swift */,
				7BA7F247221F60040034B25C /* Persistencia.swift */,
			);
			path = SingletonManager;
			sourceTree = "<group>";
		};
		7B6B63E02221F0750062BB75 /* Storyboards */ = {
			isa = PBXGroup;
			children = (
				7BD549B12217C07A00DABA17 /* Main.storyboard */,
				7B6B63DA2221B75A0062BB75 /* Patients.storyboard */,
			);
			path = Storyboards;
			sourceTree = "<group>";
		};
		7B6B63E32221F89A0062BB75 /* Professionals */ = {
			isa = PBXGroup;
			children = (
				7B6B63DC2221B7660062BB75 /* Professionals.storyboard */,
				7B6B63E12221F8940062BB75 /* ProfessionalAgendaViewController.swift */,
				7B540954222248EC00FA1B74 /* ProfessionalScheduleViewController.swift */,
			);
			path = Professionals;
			sourceTree = "<group>";
		};
		7BD5499F2217C07A00DABA17 = {
			isa = PBXGroup;
			children = (
				7BD549AA2217C07A00DABA17 /* ProMed */,
				7BD549A92217C07A00DABA17 /* Products */,
			);
			sourceTree = "<group>";
		};
		7BD549A92217C07A00DABA17 /* Products */ = {
			isa = PBXGroup;
			children = (
				7BD549A82217C07A00DABA17 /* ProMed.app */,
			);
			name = Products;
			sourceTree = "<group>";
		};
		7BD549AA2217C07A00DABA17 /* ProMed */ = {
			isa = PBXGroup;
			children = (
				7BD549AB2217C07A00DABA17 /* AppDelegate.swift */,
				7BD549C12217C2B900DABA17 /* LoginViewController.swift */,
				7B6B63E32221F89A0062BB75 /* Professionals */,
				7B6B63DF2221F0620062BB75 /* SingletonManager */,
				7B6B63DE2221F04F0062BB75 /* Model */,
				7B6B63E02221F0750062BB75 /* Storyboards */,
				7BD549BF2217C24400DABA17 /* Utilidades.swift */,
				7BD549B42217C07B00DABA17 /* Assets.xcassets */,
				7BD549B62217C07B00DABA17 /* LaunchScreen.storyboard */,
				7BD549B92217C07B00DABA17 /* Info.plist */,
			);
			path = ProMed;
			sourceTree = "<group>";
		};
/* End PBXGroup section */

/* Begin PBXNativeTarget section */
		7BD549A72217C07A00DABA17 /* ProMed */ = {
			isa = PBXNativeTarget;
			buildConfigurationList = 7BD549BC2217C07B00DABA17 /* Build configuration list for PBXNativeTarget "ProMed" */;
			buildPhases = (
				7BD549A42217C07A00DABA17 /* Sources */,
				7BD549A52217C07A00DABA17 /* Frameworks */,
				7BD549A62217C07A00DABA17 /* Resources */,
			);
			buildRules = (
			);
			dependencies = (
			);
			name = ProMed;
			productName = ProMed;
			productReference = 7BD549A82217C07A00DABA17 /* ProMed.app */;
			productType = "com.apple.product-type.application";
		};
/* End PBXNativeTarget section */

/* Begin PBXProject section */
		7BD549A02217C07A00DABA17 /* Project object */ = {
			isa = PBXProject;
			attributes = {
				LastSwiftUpdateCheck = 1010;
				LastUpgradeCheck = 1010;
				ORGANIZATIONNAME = DeepTech;
				TargetAttributes = {
					7BD549A72217C07A00DABA17 = {
						CreatedOnToolsVersion = 10.1;
					};
				};
			};
			buildConfigurationList = 7BD549A32217C07A00DABA17 /* Build configuration list for PBXProject "ProMed" */;
			compatibilityVersion = "Xcode 9.3";
			developmentRegion = en;
			hasScannedForEncodings = 0;
			knownRegions = (
				en,
				Base,
			);
			mainGroup = 7BD5499F2217C07A00DABA17;
			productRefGroup = 7BD549A92217C07A00DABA17 /* Products */;
			projectDirPath = "";
			projectRoot = "";
			targets = (
				7BD549A72217C07A00DABA17 /* ProMed */,
			);
		};
/* End PBXProject section */

/* Begin PBXResourcesBuildPhase section */
		7BD549A62217C07A00DABA17 /* Resources */ = {
			isa = PBXResourcesBuildPhase;
			buildActionMask = 2147483647;
			files = (
				7BD549B82217C07B00DABA17 /* LaunchScreen.storyboard in Resources */,
				7BD549B52217C07B00DABA17 /* Assets.xcassets in Resources */,
				7B6B63DB2221B75A0062BB75 /* Patients.storyboard in Resources */,
				7BD549B32217C07A00DABA17 /* Main.storyboard in Resources */,
				7B6B63DD2221B7660062BB75 /* Professionals.storyboard in Resources */,
			);
			runOnlyForDeploymentPostprocessing = 0;
		};
/* End PBXResourcesBuildPhase section */

/* Begin PBXSourcesBuildPhase section */
		7BD549A42217C07A00DABA17 /* Sources */ = {
			isa = PBXSourcesBuildPhase;
			buildActionMask = 2147483647;
			files = (
				7BA7F246221F5FB20034B25C /* APIManager.swift in Sources */,
				7BA7F24A221F604C0034B25C /* Professional.swift in Sources */,
				7B54095722224B1E00FA1B74 /* Patient.swift in Sources */,
				7BD549AC2217C07A00DABA17 /* AppDelegate.swift in Sources */,
				7BD549C22217C2B900DABA17 /* LoginViewController.swift in Sources */,
				7B540955222248EC00FA1B74 /* ProfessionalScheduleViewController.swift in Sources */,
				7BD549C02217C24400DABA17 /* Utilidades.swift in Sources */,
				7BA7F248221F60040034B25C /* Persistencia.swift in Sources */,
				7B6B63E22221F8940062BB75 /* ProfessionalAgendaViewController.swift in Sources */,
			);
			runOnlyForDeploymentPostprocessing = 0;
		};
/* End PBXSourcesBuildPhase section */

/* Begin PBXVariantGroup section */
		7BD549B12217C07A00DABA17 /* Main.storyboard */ = {
			isa = PBXVariantGroup;
			children = (
				7BD549B22217C07A00DABA17 /* Base */,
			);
			name = Main.storyboard;
			sourceTree = "<group>";
		};
		7BD549B62217C07B00DABA17 /* LaunchScreen.storyboard */ = {
			isa = PBXVariantGroup;
			children = (
				7BD549B72217C07B00DABA17 /* Base */,
			);
			name = LaunchScreen.storyboard;
			sourceTree = "<group>";
		};
/* End PBXVariantGroup section */

/* Begin XCBuildConfiguration section */
		7BD549BA2217C07B00DABA17 /* Debug */ = {
			isa = XCBuildConfiguration;
			buildSettings = {
				ALWAYS_SEARCH_USER_PATHS = NO;
				CLANG_ANALYZER_NONNULL = YES;
				CLANG_ANALYZER_NUMBER_OBJECT_CONVERSION = YES_AGGRESSIVE;
				CLANG_CXX_LANGUAGE_STANDARD = "gnu++14";
				CLANG_CXX_LIBRARY = "libc++";
				CLANG_ENABLE_MODULES = YES;
				CLANG_ENABLE_OBJC_ARC = YES;
				CLANG_ENABLE_OBJC_WEAK = YES;
				CLANG_WARN_BLOCK_CAPTURE_AUTORELEASING = YES;
				CLANG_WARN_BOOL_CONVERSION = YES;
				CLANG_WARN_COMMA = YES;
				CLANG_WARN_CONSTANT_CONVERSION = YES;
				CLANG_WARN_DEPRECATED_OBJC_IMPLEMENTATIONS = YES;
				CLANG_WARN_DIRECT_OBJC_ISA_USAGE = YES_ERROR;
				CLANG_WARN_DOCUMENTATION_COMMENTS = YES;
				CLANG_WARN_EMPTY_BODY = YES;
				CLANG_WARN_ENUM_CONVERSION = YES;
				CLANG_WARN_INFINITE_RECURSION = YES;
				CLANG_WARN_INT_CONVERSION = YES;
				CLANG_WARN_NON_LITERAL_NULL_CONVERSION = YES;
				CLANG_WARN_OBJC_IMPLICIT_RETAIN_SELF = YES;
				CLANG_WARN_OBJC_LITERAL_CONVERSION = YES;
				CLANG_WARN_OBJC_ROOT_CLASS = YES_ERROR;
				CLANG_WARN_RANGE_LOOP_ANALYSIS = YES;
				CLANG_WARN_STRICT_PROTOTYPES = YES;
				CLANG_WARN_SUSPICIOUS_MOVE = YES;
				CLANG_WARN_UNGUARDED_AVAILABILITY = YES_AGGRESSIVE;
				CLANG_WARN_UNREACHABLE_CODE = YES;
				CLANG_WARN__DUPLICATE_METHOD_MATCH = YES;
				CODE_SIGN_IDENTITY = "iPhone Developer";
				COPY_PHASE_STRIP = NO;
				DEBUG_INFORMATION_FORMAT = dwarf;
				ENABLE_STRICT_OBJC_MSGSEND = YES;
				ENABLE_TESTABILITY = YES;
				GCC_C_LANGUAGE_STANDARD = gnu11;
				GCC_DYNAMIC_NO_PIC = NO;
				GCC_NO_COMMON_BLOCKS = YES;
				GCC_OPTIMIZATION_LEVEL = 0;
				GCC_PREPROCESSOR_DEFINITIONS = (
					"DEBUG=1",
					"$(inherited)",
				);
				GCC_WARN_64_TO_32_BIT_CONVERSION = YES;
				GCC_WARN_ABOUT_RETURN_TYPE = YES_ERROR;
				GCC_WARN_UNDECLARED_SELECTOR = YES;
				GCC_WARN_UNINITIALIZED_AUTOS = YES_AGGRESSIVE;
				GCC_WARN_UNUSED_FUNCTION = YES;
				GCC_WARN_UNUSED_VARIABLE = YES;
				IPHONEOS_DEPLOYMENT_TARGET = 12.1;
				MTL_ENABLE_DEBUG_INFO = INCLUDE_SOURCE;
				MTL_FAST_MATH = YES;
				ONLY_ACTIVE_ARCH = YES;
				SDKROOT = iphoneos;
				SWIFT_ACTIVE_COMPILATION_CONDITIONS = DEBUG;
				SWIFT_OPTIMIZATION_LEVEL = "-Onone";
			};
			name = Debug;
		};
		7BD549BB2217C07B00DABA17 /* Release */ = {
			isa = XCBuildConfiguration;
			buildSettings = {
				ALWAYS_SEARCH_USER_PATHS = NO;
				CLANG_ANALYZER_NONNULL = YES;
				CLANG_ANALYZER_NUMBER_OBJECT_CONVERSION = YES_AGGRESSIVE;
				CLANG_CXX_LANGUAGE_STANDARD = "gnu++14";
				CLANG_CXX_LIBRARY = "libc++";
				CLANG_ENABLE_MODULES = YES;
				CLANG_ENABLE_OBJC_ARC = YES;
				CLANG_ENABLE_OBJC_WEAK = YES;
				CLANG_WARN_BLOCK_CAPTURE_AUTORELEASING = YES;
				CLANG_WARN_BOOL_CONVERSION = YES;
				CLANG_WARN_COMMA = YES;
				CLANG_WARN_CONSTANT_CONVERSION = YES;
				CLANG_WARN_DEPRECATED_OBJC_IMPLEMENTATIONS = YES;
				CLANG_WARN_DIRECT_OBJC_ISA_USAGE = YES_ERROR;
				CLANG_WARN_DOCUMENTATION_COMMENTS = YES;
				CLANG_WARN_EMPTY_BODY = YES;
				CLANG_WARN_ENUM_CONVERSION = YES;
				CLANG_WARN_INFINITE_RECURSION = YES;
				CLANG_WARN_INT_CONVERSION = YES;
				CLANG_WARN_NON_LITERAL_NULL_CONVERSION = YES;
				CLANG_WARN_OBJC_IMPLICIT_RETAIN_SELF = YES;
				CLANG_WARN_OBJC_LITERAL_CONVERSION = YES;
				CLANG_WARN_OBJC_ROOT_CLASS = YES_ERROR;
				CLANG_WARN_RANGE_LOOP_ANALYSIS = YES;
				CLANG_WARN_STRICT_PROTOTYPES = YES;
				CLANG_WARN_SUSPICIOUS_MOVE = YES;
				CLANG_WARN_UNGUARDED_AVAILABILITY = YES_AGGRESSIVE;
				CLANG_WARN_UNREACHABLE_CODE = YES;
				CLANG_WARN__DUPLICATE_METHOD_MATCH = YES;
				CODE_SIGN_IDENTITY = "iPhone Developer";
				COPY_PHASE_STRIP = NO;
				DEBUG_INFORMATION_FORMAT = "dwarf-with-dsym";
				ENABLE_NS_ASSERTIONS = NO;
				ENABLE_STRICT_OBJC_MSGSEND = YES;
				GCC_C_LANGUAGE_STANDARD = gnu11;
				GCC_NO_COMMON_BLOCKS = YES;
				GCC_WARN_64_TO_32_BIT_CONVERSION = YES;
				GCC_WARN_ABOUT_RETURN_TYPE = YES_ERROR;
				GCC_WARN_UNDECLARED_SELECTOR = YES;
				GCC_WARN_UNINITIALIZED_AUTOS = YES_AGGRESSIVE;
				GCC_WARN_UNUSED_FUNCTION = YES;
				GCC_WARN_UNUSED_VARIABLE = YES;
				IPHONEOS_DEPLOYMENT_TARGET = 12.1;
				MTL_ENABLE_DEBUG_INFO = NO;
				MTL_FAST_MATH = YES;
				SDKROOT = iphoneos;
				SWIFT_COMPILATION_MODE = wholemodule;
				SWIFT_OPTIMIZATION_LEVEL = "-O";
				VALIDATE_PRODUCT = YES;
			};
			name = Release;
		};
		7BD549BD2217C07B00DABA17 /* Debug */ = {
			isa = XCBuildConfiguration;
			buildSettings = {
				ASSETCATALOG_COMPILER_APPICON_NAME = AppIcon;
				CODE_SIGN_STYLE = Automatic;
				DEVELOPMENT_TEAM = 7R5SGC6JP6;
				INFOPLIST_FILE = ProMed/Info.plist;
				LD_RUNPATH_SEARCH_PATHS = (
					"$(inherited)",
					"@executable_path/Frameworks",
				);
				PRODUCT_BUNDLE_IDENTIFIER = com.deepTech.ProMed;
				PRODUCT_NAME = "$(TARGET_NAME)";
				SWIFT_VERSION = 4.2;
				TARGETED_DEVICE_FAMILY = "1,2";
			};
			name = Debug;
		};
		7BD549BE2217C07B00DABA17 /* Release */ = {
			isa = XCBuildConfiguration;
			buildSettings = {
				ASSETCATALOG_COMPILER_APPICON_NAME = AppIcon;
				CODE_SIGN_STYLE = Automatic;
				DEVELOPMENT_TEAM = 7R5SGC6JP6;
				INFOPLIST_FILE = ProMed/Info.plist;
				LD_RUNPATH_SEARCH_PATHS = (
					"$(inherited)",
					"@executable_path/Frameworks",
				);
				PRODUCT_BUNDLE_IDENTIFIER = com.deepTech.ProMed;
				PRODUCT_NAME = "$(TARGET_NAME)";
				SWIFT_VERSION = 4.2;
				TARGETED_DEVICE_FAMILY = "1,2";
			};
			name = Release;
		};
/* End XCBuildConfiguration section */

/* Begin XCConfigurationList section */
		7BD549A32217C07A00DABA17 /* Build configuration list for PBXProject "ProMed" */ = {
			isa = XCConfigurationList;
			buildConfigurations = (
				7BD549BA2217C07B00DABA17 /* Debug */,
				7BD549BB2217C07B00DABA17 /* Release */,
			);
			defaultConfigurationIsVisible = 0;
			defaultConfigurationName = Release;
		};
		7BD549BC2217C07B00DABA17 /* Build configuration list for PBXNativeTarget "ProMed" */ = {
			isa = XCConfigurationList;
			buildConfigurations = (
				7BD549BD2217C07B00DABA17 /* Debug */,
				7BD549BE2217C07B00DABA17 /* Release */,
			);
			defaultConfigurationIsVisible = 0;
			defaultConfigurationName = Release;
		};
/* End XCConfigurationList section */
	};
	rootObject = 7BD549A02217C07A00DABA17 /* Project object */;
}
